
Microsoft Visual Studio Solution File, Format Version 12.00
# Visual Studio Version 17
VisualStudioVersion = 17.5.33530.505
MinimumVisualStudioVersion = 10.0.40219.1
Project("{FAE04EC0-301F-11D3-BF4B-00C04F79EFBC}") = "MyFirstAppWinForm", "MyFirstAppWinForm\MyFirstAppWinForm.csproj", "{16DE58FC-41F9-4EB5-9266-5D992BD56D89}"
EndProject
Project("{FAE04EC0-301F-11D3-BF4B-00C04F79EFBC}") = "Data", "Data\Data.csproj", "{9995A240-C8E3-42FF-907C-27464830F80B}"
EndProject
Project("{FAE04EC0-301F-11D3-BF4B-00C04F79EFBC}") = "Logic", "Logic\Logic.csproj", "{0FC46DD1-C2CD-4C14-AD69-083DDAC674A3}"
EndProject
Global
	GlobalSection(SolutionConfigurationPlatforms) = preSolution
		Debug|Any CPU = Debug|Any CPU
		Release|Any CPU = Release|Any CPU
	EndGlobalSection
	GlobalSection(ProjectConfigurationPlatforms) = postSolution
		{16DE58FC-41F9-4EB5-9266-5D992BD56D89}.Debug|Any CPU.ActiveCfg = Debug|Any CPU
		{16DE58FC-41F9-4EB5-9266-5D992BD56D89}.Debug|Any CPU.Build.0 = Debug|Any CPU
		{16DE58FC-41F9-4EB5-9266-5D992BD56D89}.Release|Any CPU.ActiveCfg = Release|Any CPU
		{16DE58FC-41F9-4EB5-9266-5D992BD56D89}.Release|Any CPU.Build.0 = Release|Any CPU
		{9995A240-C8E3-42FF-907C-27464830F80B}.Debug|Any CPU.ActiveCfg = Debug|Any CPU
		{9995A240-C8E3-42FF-907C-27464830F80B}.Debug|Any CPU.Build.0 = Debug|Any CPU
		{9995A240-C8E3-42FF-907C-27464830F80B}.Release|Any CPU.ActiveCfg = Release|Any CPU
		{9995A240-C8E3-42FF-907C-27464830F80B}.Release|Any CPU.Build.0 = Release|Any CPU
		{0FC46DD1-C2CD-4C14-AD69-083DDAC674A3}.Debug|Any CPU.ActiveCfg = Debug|Any CPU
		{0FC46DD1-C2CD-4C14-AD69-083DDAC674A3}.Debug|Any CPU.Build.0 = Debug|Any CPU
		{0FC46DD1-C2CD-4C14-AD69-083DDAC674A3}.Release|Any CPU.ActiveCfg = Release|Any CPU
		{0FC46DD1-C2CD-4C14-AD69-083DDAC674A3}.Release|Any CPU.Build.0 = Release|Any CPU
	EndGlobalSection
	GlobalSection(SolutionProperties) = preSolution
		HideSolutionNode = FALSE
	EndGlobalSection
	GlobalSection(ExtensibilityGlobals) = postSolution
		SolutionGuid = {2FA6A982-716D-4F79-906A-F9F2979328F1}
	EndGlobalSection
EndGlobal
